
Microsoft Visual Studio Solution File, Format Version 12.00
# Visual Studio Version 16
VisualStudioVersion = 16.0.30330.147
MinimumVisualStudioVersion = 10.0.40219.1
Project("{9A19103F-16F7-4668-BE54-9A1E7A4F7556}") = "ProxyMobileMonitoringAPI", "ProxyMonitoringAPI\ProxyMobileMonitoringAPI.csproj", "{0252591E-AD82-4FAA-AC16-C09C99474548}"
EndProject
Project("{9A19103F-16F7-4668-BE54-9A1E7A4F7556}") = "Common", "Common\Common.csproj", "{8732111B-4E9E-4E0F-8065-CDF71D954CD3}"
EndProject
Project("{9A19103F-16F7-4668-BE54-9A1E7A4F7556}") = "ProxySmMonitoringApi", "ProxySmMonitoringApi\ProxySmMonitoringApi.csproj", "{01F48EF1-5666-4A8C-9B7E-9CE73489546F}"
EndProject
Project("{9A19103F-16F7-4668-BE54-9A1E7A4F7556}") = "Monitoring", "Monitoring\Monitoring.csproj", "{D9F1D55E-89DA-442E-B3EE-9BEF39A135F2}"
EndProject
Project("{9A19103F-16F7-4668-BE54-9A1E7A4F7556}") = "Monitoring.Extensions", "Monitoring.Extensions\Monitoring.Extensions.csproj", "{948E4DB4-7E20-4F45-B1EC-818A0C85E0F4}"
EndProject
Global
	GlobalSection(SolutionConfigurationPlatforms) = preSolution
		Debug|Any CPU = Debug|Any CPU
		Release|Any CPU = Release|Any CPU
	EndGlobalSection
	GlobalSection(ProjectConfigurationPlatforms) = postSolution
		{0252591E-AD82-4FAA-AC16-C09C99474548}.Debug|Any CPU.ActiveCfg = Debug|Any CPU
		{0252591E-AD82-4FAA-AC16-C09C99474548}.Debug|Any CPU.Build.0 = Debug|Any CPU
		{0252591E-AD82-4FAA-AC16-C09C99474548}.Release|Any CPU.ActiveCfg = Release|Any CPU
		{0252591E-AD82-4FAA-AC16-C09C99474548}.Release|Any CPU.Build.0 = Release|Any CPU
		{8732111B-4E9E-4E0F-8065-CDF71D954CD3}.Debug|Any CPU.ActiveCfg = Debug|Any CPU
		{8732111B-4E9E-4E0F-8065-CDF71D954CD3}.Debug|Any CPU.Build.0 = Debug|Any CPU
		{8732111B-4E9E-4E0F-8065-CDF71D954CD3}.Release|Any CPU.ActiveCfg = Release|Any CPU
		{8732111B-4E9E-4E0F-8065-CDF71D954CD3}.Release|Any CPU.Build.0 = Release|Any CPU
		{01F48EF1-5666-4A8C-9B7E-9CE73489546F}.Debug|Any CPU.ActiveCfg = Debug|Any CPU
		{01F48EF1-5666-4A8C-9B7E-9CE73489546F}.Debug|Any CPU.Build.0 = Debug|Any CPU
		{01F48EF1-5666-4A8C-9B7E-9CE73489546F}.Release|Any CPU.ActiveCfg = Release|Any CPU
		{01F48EF1-5666-4A8C-9B7E-9CE73489546F}.Release|Any CPU.Build.0 = Release|Any CPU
		{D9F1D55E-89DA-442E-B3EE-9BEF39A135F2}.Debug|Any CPU.ActiveCfg = Debug|Any CPU
		{D9F1D55E-89DA-442E-B3EE-9BEF39A135F2}.Debug|Any CPU.Build.0 = Debug|Any CPU
		{D9F1D55E-89DA-442E-B3EE-9BEF39A135F2}.Release|Any CPU.ActiveCfg = Release|Any CPU
		{D9F1D55E-89DA-442E-B3EE-9BEF39A135F2}.Release|Any CPU.Build.0 = Release|Any CPU
		{948E4DB4-7E20-4F45-B1EC-818A0C85E0F4}.Debug|Any CPU.ActiveCfg = Debug|Any CPU
		{948E4DB4-7E20-4F45-B1EC-818A0C85E0F4}.Debug|Any CPU.Build.0 = Debug|Any CPU
		{948E4DB4-7E20-4F45-B1EC-818A0C85E0F4}.Release|Any CPU.ActiveCfg = Release|Any CPU
		{948E4DB4-7E20-4F45-B1EC-818A0C85E0F4}.Release|Any CPU.Build.0 = Release|Any CPU
	EndGlobalSection
	GlobalSection(SolutionProperties) = preSolution
		HideSolutionNode = FALSE
	EndGlobalSection
	GlobalSection(ExtensibilityGlobals) = postSolution
		SolutionGuid = {96DDC976-1550-4249-AC53-F1B229F36D1D}
	EndGlobalSection
EndGlobal
